
Microsoft Visual Studio Solution File, Format Version 12.00
# Visual Studio Version 16
VisualStudioVersion = 16.0.30907.101
MinimumVisualStudioVersion = 10.0.40219.1
Project("{FAE04EC0-301F-11D3-BF4B-00C04F79EFBC}") = "AddressBookSystem", "AddressBookSystem\AddressBookSystem.csproj", "{F98D209F-0058-4B7E-8A23-C2D1109DE8FD}"
EndProject
Global
	GlobalSection(SolutionConfigurationPlatforms) = preSolution
		Debug|Any CPU = Debug|Any CPU
		Release|Any CPU = Release|Any CPU
	EndGlobalSection
	GlobalSection(ProjectConfigurationPlatforms) = postSolution
		{F98D209F-0058-4B7E-8A23-C2D1109DE8FD}.Debug|Any CPU.ActiveCfg = Debug|Any CPU
		{F98D209F-0058-4B7E-8A23-C2D1109DE8FD}.Debug|Any CPU.Build.0 = Debug|Any CPU
		{F98D209F-0058-4B7E-8A23-C2D1109DE8FD}.Release|Any CPU.ActiveCfg = Release|Any CPU
		{F98D209F-0058-4B7E-8A23-C2D1109DE8FD}.Release|Any CPU.Build.0 = Release|Any CPU
	EndGlobalSection
	GlobalSection(SolutionProperties) = preSolution
		HideSolutionNode = FALSE
	EndGlobalSection
	GlobalSection(ExtensibilityGlobals) = postSolution
		SolutionGuid = {FEF204B9-1E89-44F0-A416-3C9628F7696B}
	EndGlobalSection
EndGlobal
